// !$*UTF8*$!
{
	archiveVersion = 1;
	classes = {
	};
	objectVersion = 50;
	objects = {

/* Begin PBXBuildFile section */
		E40E1F8F25E80FFE00958242 /* AppDelegate.swift in Sources */ = {isa = PBXBuildFile; fileRef = E40E1F8E25E80FFE00958242 /* AppDelegate.swift */; };
		E40E1F9125E80FFE00958242 /* SceneDelegate.swift in Sources */ = {isa = PBXBuildFile; fileRef = E40E1F9025E80FFE00958242 /* SceneDelegate.swift */; };
		E40E1F9325E80FFE00958242 /* ViewController.swift in Sources */ = {isa = PBXBuildFile; fileRef = E40E1F9225E80FFE00958242 /* ViewController.swift */; };
		E40E1F9625E80FFE00958242 /* Main.storyboard in Resources */ = {isa = PBXBuildFile; fileRef = E40E1F9425E80FFE00958242 /* Main.storyboard */; };
		E40E1F9825E80FFF00958242 /* Assets.xcassets in Resources */ = {isa = PBXBuildFile; fileRef = E40E1F9725E80FFF00958242 /* Assets.xcassets */; };
		E40E1F9B25E80FFF00958242 /* LaunchScreen.storyboard in Resources */ = {isa = PBXBuildFile; fileRef = E40E1F9925E80FFF00958242 /* LaunchScreen.storyboard */; };
		E40E1FA525E85BA600958242 /* networkin.swift in Sources */ = {isa = PBXBuildFile; fileRef = E40E1FA425E85BA600958242 /* networkin.swift */; };
/* End PBXBuildFile section */

/* Begin PBXFileReference section */
		E40E1F8B25E80FFE00958242 /* SkinCancer.app */ = {isa = PBXFileReference; explicitFileType = wrapper.application; includeInIndex = 0; path = SkinCancer.app; sourceTree = BUILT_PRODUCTS_DIR; };
		E40E1F8E25E80FFE00958242 /* AppDelegate.swift */ = {isa = PBXFileReference; lastKnownFileType = sourcecode.swift; path = AppDelegate.swift; sourceTree = "<group>"; };
		E40E1F9025E80FFE00958242 /* SceneDelegate.swift */ = {isa = PBXFileReference; lastKnownFileType = sourcecode.swift; path = SceneDelegate.swift; sourceTree = "<group>"; };
		E40E1F9225E80FFE00958242 /* ViewController.swift */ = {isa = PBXFileReference; lastKnownFileType = sourcecode.swift; path = ViewController.swift; sourceTree = "<group>"; };
		E40E1F9525E80FFE00958242 /* Base */ = {isa = PBXFileReference; lastKnownFileType = file.storyboard; name = Base; path = Base.lproj/Main.storyboard; sourceTree = "<group>"; };
		E40E1F9725E80FFF00958242 /* Assets.xcassets */ = {isa = PBXFileReference; lastKnownFileType = folder.assetcatalog; path = Assets.xcassets; sourceTree = "<group>"; };
		E40E1F9A25E80FFF00958242 /* Base */ = {isa = PBXFileReference; lastKnownFileType = file.storyboard; name = Base; path = Base.lproj/LaunchScreen.storyboard; sourceTree = "<group>"; };
		E40E1F9C25E80FFF00958242 /* Info.plist */ = {isa = PBXFileReference; lastKnownFileType = text.plist.xml; path = Info.plist; sourceTree = "<group>"; };
		E40E1FA425E85BA600958242 /* networkin.swift */ = {isa = PBXFileReference; lastKnownFileType = sourcecode.swift; path = networkin.swift; sourceTree = "<group>"; };
/* End PBXFileReference section */

/* Begin PBXFrameworksBuildPhase section */
		E40E1F8825E80FFE00958242 /* Frameworks */ = {
			isa = PBXFrameworksBuildPhase;
			buildActionMask = 2147483647;
			files = (
			);
			runOnlyForDeploymentPostprocessing = 0;
		};
/* End PBXFrameworksBuildPhase section */

/* Begin PBXGroup section */
		E40E1F8225E80FFE00958242 = {
			isa = PBXGroup;
			children = (
				E40E1F8D25E80FFE00958242 /* SkinCancer */,
				E40E1F8C25E80FFE00958242 /* Products */,
			);
			sourceTree = "<group>";
		};
		E40E1F8C25E80FFE00958242 /* Products */ = {
			isa = PBXGroup;
			children = (
				E40E1F8B25E80FFE00958242 /* SkinCancer.app */,
			);
			name = Products;
			sourceTree = "<group>";
		};
		E40E1F8D25E80FFE00958242 /* SkinCancer */ = {
			isa = PBXGroup;
			children = (
				E40E1F8E25E80FFE00958242 /* AppDelegate.swift */,
				E40E1F9025E80FFE00958242 /* SceneDelegate.swift */,
				E40E1F9225E80FFE00958242 /* ViewController.swift */,
				E40E1F9425E80FFE00958242 /* Main.storyboard */,
				E40E1F9725E80FFF00958242 /* Assets.xcassets */,
				E40E1F9925E80FFF00958242 /* LaunchScreen.storyboard */,
				E40E1F9C25E80FFF00958242 /* Info.plist */,
				E40E1FA425E85BA600958242 /* networkin.swift */,
			);
			path = SkinCancer;
			sourceTree = "<group>";
		};
/* End PBXGroup section */

/* Begin PBXNativeTarget section */
		E40E1F8A25E80FFE00958242 /* SkinCancer */ = {
			isa = PBXNativeTarget;
			buildConfigurationList = E40E1F9F25E80FFF00958242 /* Build configuration list for PBXNativeTarget "SkinCancer" */;
			buildPhases = (
				E40E1F8725E80FFE00958242 /* Sources */,
				E40E1F8825E80FFE00958242 /* Frameworks */,
				E40E1F8925E80FFE00958242 /* Resources */,
			);
			buildRules = (
			);
			dependencies = (
			);
			name = SkinCancer;
			productName = SkinCancer;
			productReference = E40E1F8B25E80FFE00958242 /* SkinCancer.app */;
			productType = "com.apple.product-type.application";
		};
/* End PBXNativeTarget section */

/* Begin PBXProject section */
		E40E1F8325E80FFE00958242 /* Project object */ = {
			isa = PBXProject;
			attributes = {
				LastSwiftUpdateCheck = 1240;
				LastUpgradeCheck = 1240;
				TargetAttributes = {
					E40E1F8A25E80FFE00958242 = {
						CreatedOnToolsVersion = 12.4;
					};
				};
			};
			buildConfigurationList = E40E1F8625E80FFE00958242 /* Build configuration list for PBXProject "SkinCancer" */;
			compatibilityVersion = "Xcode 9.3";
			developmentRegion = en;
			hasScannedForEncodings = 0;
			knownRegions = (
				en,
				Base,
			);
			mainGroup = E40E1F8225E80FFE00958242;
			productRefGroup = E40E1F8C25E80FFE00958242 /* Products */;
			projectDirPath = "";
			projectRoot = "";
			targets = (
				E40E1F8A25E80FFE00958242 /* SkinCancer */,
			);
		};
/* End PBXProject section */

/* Begin PBXResourcesBuildPhase section */
		E40E1F8925E80FFE00958242 /* Resources */ = {
			isa = PBXResourcesBuildPhase;
			buildActionMask = 2147483647;
			files = (
				E40E1F9B25E80FFF00958242 /* LaunchScreen.storyboard in Resources */,
				E40E1F9825E80FFF00958242 /* Assets.xcassets in Resources */,
				E40E1F9625E80FFE00958242 /* Main.storyboard in Resources */,
			);
			runOnlyForDeploymentPostprocessing = 0;
		};
/* End PBXResourcesBuildPhase section */

/* Begin PBXSourcesBuildPhase section */
		E40E1F8725E80FFE00958242 /* Sources */ = {
			isa = PBXSourcesBuildPhase;
			buildActionMask = 2147483647;
			files = (
				E40E1F9325E80FFE00958242 /* ViewController.swift in Sources */,
				E40E1F8F25E80FFE00958242 /* AppDelegate.swift in Sources */,
				E40E1F9125E80FFE00958242 /* SceneDelegate.swift in Sources */,
				E40E1FA525E85BA600958242 /* networkin.swift in Sources */,
			);
			runOnlyForDeploymentPostprocessing = 0;
		};
/* End PBXSourcesBuildPhase section */

/* Begin PBXVariantGroup section */
		E40E1F9425E80FFE00958242 /* Main.storyboard */ = {
			isa = PBXVariantGroup;
			children = (
				E40E1F9525E80FFE00958242 /* Base */,
			);
			name = Main.storyboard;
			sourceTree = "<group>";
		};
		E40E1F9925E80FFF00958242 /* LaunchScreen.storyboard */ = {
			isa = PBXVariantGroup;
			children = (
				E40E1F9A25E80FFF00958242 /* Base */,
			);
			name = LaunchScreen.storyboard;
			sourceTree = "<group>";
		};
/* End PBXVariantGroup section */

/* Begin XCBuildConfiguration section */
		E40E1F9D25E80FFF00958242 /* Debug */ = {
			isa = XCBuildConfiguration;
			buildSettings = {
				ALWAYS_SEARCH_USER_PATHS = NO;
				CLANG_ANALYZER_NONNULL = YES;
				CLANG_ANALYZER_NUMBER_OBJECT_CONVERSION = YES_AGGRESSIVE;
				CLANG_CXX_LANGUAGE_STANDARD = "gnu++14";
				CLANG_CXX_LIBRARY = "libc++";
				CLANG_ENABLE_MODULES = YES;
				CLANG_ENABLE_OBJC_ARC = YES;
				CLANG_ENABLE_OBJC_WEAK = YES;
				CLANG_WARN_BLOCK_CAPTURE_AUTORELEASING = YES;
				CLANG_WARN_BOOL_CONVERSION = YES;
				CLANG_WARN_COMMA = YES;
				CLANG_WARN_CONSTANT_CONVERSION = YES;
				CLANG_WARN_DEPRECATED_OBJC_IMPLEMENTATIONS = YES;
				CLANG_WARN_DIRECT_OBJC_ISA_USAGE = YES_ERROR;
				CLANG_WARN_DOCUMENTATION_COMMENTS = YES;
				CLANG_WARN_EMPTY_BODY = YES;
				CLANG_WARN_ENUM_CONVERSION = YES;
				CLANG_WARN_INFINITE_RECURSION = YES;
				CLANG_WARN_INT_CONVERSION = YES;
				CLANG_WARN_NON_LITERAL_NULL_CONVERSION = YES;
				CLANG_WARN_OBJC_IMPLICIT_RETAIN_SELF = YES;
				CLANG_WARN_OBJC_LITERAL_CONVERSION = YES;
				CLANG_WARN_OBJC_ROOT_CLASS = YES_ERROR;
				CLANG_WARN_QUOTED_INCLUDE_IN_FRAMEWORK_HEADER = YES;
				CLANG_WARN_RANGE_LOOP_ANALYSIS = YES;
				CLANG_WARN_STRICT_PROTOTYPES = YES;
				CLANG_WARN_SUSPICIOUS_MOVE = YES;
				CLANG_WARN_UNGUARDED_AVAILABILITY = YES_AGGRESSIVE;
				CLANG_WARN_UNREACHABLE_CODE = YES;
				CLANG_WARN__DUPLICATE_METHOD_MATCH = YES;
				COPY_PHASE_STRIP = NO;
				DEBUG_INFORMATION_FORMAT = dwarf;
				ENABLE_STRICT_OBJC_MSGSEND = YES;
				ENABLE_TESTABILITY = YES;
				GCC_C_LANGUAGE_STANDARD = gnu11;
				GCC_DYNAMIC_NO_PIC = NO;
				GCC_NO_COMMON_BLOCKS = YES;
				GCC_OPTIMIZATION_LEVEL = 0;
				GCC_PREPROCESSOR_DEFINITIONS = (
					"DEBUG=1",
					"$(inherited)",
				);
				GCC_WARN_64_TO_32_BIT_CONVERSION = YES;
				GCC_WARN_ABOUT_RETURN_TYPE = YES_ERROR;
				GCC_WARN_UNDECLARED_SELECTOR = YES;
				GCC_WARN_UNINITIALIZED_AUTOS = YES_AGGRESSIVE;
				GCC_WARN_UNUSED_FUNCTION = YES;
				GCC_WARN_UNUSED_VARIABLE = YES;
				IPHONEOS_DEPLOYMENT_TARGET = 14.4;
				MTL_ENABLE_DEBUG_INFO = INCLUDE_SOURCE;
				MTL_FAST_MATH = YES;
				ONLY_ACTIVE_ARCH = YES;
				SDKROOT = iphoneos;
				SWIFT_ACTIVE_COMPILATION_CONDITIONS = DEBUG;
				SWIFT_OPTIMIZATION_LEVEL = "-Onone";
			};
			name = Debug;
		};
		E40E1F9E25E80FFF00958242 /* Release */ = {
			isa = XCBuildConfiguration;
			buildSettings = {
				ALWAYS_SEARCH_USER_PATHS = NO;
				CLANG_ANALYZER_NONNULL = YES;
				CLANG_ANALYZER_NUMBER_OBJECT_CONVERSION = YES_AGGRESSIVE;
				CLANG_CXX_LANGUAGE_STANDARD = "gnu++14";
				CLANG_CXX_LIBRARY = "libc++";
				CLANG_ENABLE_MODULES = YES;
				CLANG_ENABLE_OBJC_ARC = YES;
				CLANG_ENABLE_OBJC_WEAK = YES;
				CLANG_WARN_BLOCK_CAPTURE_AUTORELEASING = YES;
				CLANG_WARN_BOOL_CONVERSION = YES;
				CLANG_WARN_COMMA = YES;
				CLANG_WARN_CONSTANT_CONVERSION = YES;
				CLANG_WARN_DEPRECATED_OBJC_IMPLEMENTATIONS = YES;
				CLANG_WARN_DIRECT_OBJC_ISA_USAGE = YES_ERROR;
				CLANG_WARN_DOCUMENTATION_COMMENTS = YES;
				CLANG_WARN_EMPTY_BODY = YES;
				CLANG_WARN_ENUM_CONVERSION = YES;
				CLANG_WARN_INFINITE_RECURSION = YES;
				CLANG_WARN_INT_CONVERSION = YES;
				CLANG_WARN_NON_LITERAL_NULL_CONVERSION = YES;
				CLANG_WARN_OBJC_IMPLICIT_RETAIN_SELF = YES;
				CLANG_WARN_OBJC_LITERAL_CONVERSION = YES;
				CLANG_WARN_OBJC_ROOT_CLASS = YES_ERROR;
				CLANG_WARN_QUOTED_INCLUDE_IN_FRAMEWORK_HEADER = YES;
				CLANG_WARN_RANGE_LOOP_ANALYSIS = YES;
				CLANG_WARN_STRICT_PROTOTYPES = YES;
				CLANG_WARN_SUSPICIOUS_MOVE = YES;
				CLANG_WARN_UNGUARDED_AVAILABILITY = YES_AGGRESSIVE;
				CLANG_WARN_UNREACHABLE_CODE = YES;
				CLANG_WARN__DUPLICATE_METHOD_MATCH = YES;
				COPY_PHASE_STRIP = NO;
				DEBUG_INFORMATION_FORMAT = "dwarf-with-dsym";
				ENABLE_NS_ASSERTIONS = NO;
				ENABLE_STRICT_OBJC_MSGSEND = YES;
				GCC_C_LANGUAGE_STANDARD = gnu11;
				GCC_NO_COMMON_BLOCKS = YES;
				GCC_WARN_64_TO_32_BIT_CONVERSION = YES;
				GCC_WARN_ABOUT_RETURN_TYPE = YES_ERROR;
				GCC_WARN_UNDECLARED_SELECTOR = YES;
				GCC_WARN_UNINITIALIZED_AUTOS = YES_AGGRESSIVE;
				GCC_WARN_UNUSED_FUNCTION = YES;
				GCC_WARN_UNUSED_VARIABLE = YES;
				IPHONEOS_DEPLOYMENT_TARGET = 14.4;
				MTL_ENABLE_DEBUG_INFO = NO;
				MTL_FAST_MATH = YES;
				SDKROOT = iphoneos;
				SWIFT_COMPILATION_MODE = wholemodule;
				SWIFT_OPTIMIZATION_LEVEL = "-O";
				VALIDATE_PRODUCT = YES;
			};
			name = Release;
		};
		E40E1FA025E80FFF00958242 /* Debug */ = {
			isa = XCBuildConfiguration;
			buildSettings = {
				ASSETCATALOG_COMPILER_APPICON_NAME = AppIcon;
				ASSETCATALOG_COMPILER_GLOBAL_ACCENT_COLOR_NAME = AccentColor;
				CODE_SIGN_STYLE = Automatic;
				DEVELOPMENT_TEAM = K92J68CQML;
				INFOPLIST_FILE = SkinCancer/Info.plist;
				IPHONEOS_DEPLOYMENT_TARGET = 14.1;
				LD_RUNPATH_SEARCH_PATHS = (
					"$(inherited)",
					"@executable_path/Frameworks",
				);
				PRODUCT_BUNDLE_IDENTIFIER = vivek.SkinCancer;
				PRODUCT_NAME = "$(TARGET_NAME)";
				SWIFT_VERSION = 5.0;
				TARGETED_DEVICE_FAMILY = "1,2";
			};
			name = Debug;
		};
		E40E1FA125E80FFF00958242 /* Release */ = {
			isa = XCBuildConfiguration;
			buildSettings = {
				ASSETCATALOG_COMPILER_APPICON_NAME = AppIcon;
				ASSETCATALOG_COMPILER_GLOBAL_ACCENT_COLOR_NAME = AccentColor;
				CODE_SIGN_STYLE = Automatic;
				DEVELOPMENT_TEAM = K92J68CQML;
				INFOPLIST_FILE = SkinCancer/Info.plist;
				IPHONEOS_DEPLOYMENT_TARGET = 14.1;
				LD_RUNPATH_SEARCH_PATHS = (
					"$(inherited)",
					"@executable_path/Frameworks",
				);
				PRODUCT_BUNDLE_IDENTIFIER = vivek.SkinCancer;
				PRODUCT_NAME = "$(TARGET_NAME)";
				SWIFT_VERSION = 5.0;
				TARGETED_DEVICE_FAMILY = "1,2";
			};
			name = Release;
		};
/* End XCBuildConfiguration section */

/* Begin XCConfigurationList section */
		E40E1F8625E80FFE00958242 /* Build configuration list for PBXProject "SkinCancer" */ = {
			isa = XCConfigurationList;
			buildConfigurations = (
				E40E1F9D25E80FFF00958242 /* Debug */,
				E40E1F9E25E80FFF00958242 /* Release */,
			);
			defaultConfigurationIsVisible = 0;
			defaultConfigurationName = Release;
		};
		E40E1F9F25E80FFF00958242 /* Build configuration list for PBXNativeTarget "SkinCancer" */ = {
			isa = XCConfigurationList;
			buildConfigurations = (
				E40E1FA025E80FFF00958242 /* Debug */,
				E40E1FA125E80FFF00958242 /* Release */,
			);
			defaultConfigurationIsVisible = 0;
			defaultConfigurationName = Release;
		};
/* End XCConfigurationList section */
	};
	rootObject = E40E1F8325E80FFE00958242 /* Project object */;
}
